
Microsoft Visual Studio Solution File, Format Version 12.00
# Visual Studio Version 16
VisualStudioVersion = 16.0.30804.86
MinimumVisualStudioVersion = 10.0.40219.1
Project("{F184B08F-C81C-45F6-A57F-5ABD9991F28F}") = "VBConsoleApp", "VBConsoleApp\VBConsoleApp.vbproj", "{9C723E5E-0209-4768-8206-8CCC67D16294}"
EndProject
Global
	GlobalSection(SolutionConfigurationPlatforms) = preSolution
		Debug|Any CPU = Debug|Any CPU
		Release|Any CPU = Release|Any CPU
	EndGlobalSection
	GlobalSection(ProjectConfigurationPlatforms) = postSolution
		{9C723E5E-0209-4768-8206-8CCC67D16294}.Debug|Any CPU.ActiveCfg = Debug|Any CPU
		{9C723E5E-0209-4768-8206-8CCC67D16294}.Debug|Any CPU.Build.0 = Debug|Any CPU
		{9C723E5E-0209-4768-8206-8CCC67D16294}.Release|Any CPU.ActiveCfg = Release|Any CPU
		{9C723E5E-0209-4768-8206-8CCC67D16294}.Release|Any CPU.Build.0 = Release|Any CPU
	EndGlobalSection
	GlobalSection(SolutionProperties) = preSolution
		HideSolutionNode = FALSE
	EndGlobalSection
	GlobalSection(ExtensibilityGlobals) = postSolution
		SolutionGuid = {CDD5C8C5-45AE-472F-922A-7F3E8563202A}
	EndGlobalSection
EndGlobal
